<?xml version="1.0" encoding="utf-8"?>
<Project ToolsVersion="4.0" xmlns="http://schemas.microsoft.com/developer/msbuild/2003">
  <ItemGroup>
    <Filter Include="Source Files">
      <UniqueIdentifier>{4FC737F1-C7A5-4376-A066-2A32D752A2FF}</UniqueIdentifier>
      <Extensions>cpp;c;cc;cxx;c++;def;odl;idl;hpj;bat;asm;asmx</Extensions>
    </Filter>
    <Filter Include="Header Files">
      <UniqueIdentifier>{93995380-89BD-4b04-88EB-625FBE52EBFB}</UniqueIdentifier>
      <Extensions>h;hh;hpp;hxx;h++;hm;inl;inc;ipp;xsd</Extensions>
    </Filter>
    <Filter Include="Resource Files">
      <UniqueIdentifier>{67DA6AB6-F800-4c08-8B7A-83BB121AAD01}</UniqueIdentifier>
      <Extensions>rc;ico;cur;bmp;dlg;rc2;rct;bin;rgs;gif;jpg;jpeg;jpe;resx;tiff;tif;png;wav;mfcribbon-ms</Extensions>
    </Filter>
    <Filter Include="MaterialModels">
      <UniqueIdentifier>{2664e963-280a-4a3c-a491-ed057a91f32c}</UniqueIdentifier>
    </Filter>
    <Filter Include="MaterialModels\Headers">
      <UniqueIdentifier>{c119b09c-8fef-400a-9751-6be6def58e8a}</UniqueIdentifier>
    </Filter>
    <Filter Include="MaterialModels\Source">
      <UniqueIdentifier>{eb0f6d4d-9a7a-46a5-93f3-660a4b328d65}</UniqueIdentifier>
    </Filter>
    <Filter Include="GeometryGrossBeam">
      <UniqueIdentifier>{50d3027e-a534-459f-aef8-0552cc0dde00}</UniqueIdentifier>
    </Filter>
    <Filter Include="GeometryGrossBeam\Headers">
      <UniqueIdentifier>{7ab5ff23-674a-4d57-9f7a-7849555c6930}</UniqueIdentifier>
    </Filter>
    <Filter Include="GeometryGrossBeam\Source">
      <UniqueIdentifier>{67dae19d-0254-449d-bd6b-38f8215569f2}</UniqueIdentifier>
    </Filter>
    <Filter Include="GeometryRebar">
      <UniqueIdentifier>{bd94c9be-ec7c-4ded-a5f4-222e36517f39}</UniqueIdentifier>
    </Filter>
  </ItemGroup>
  <ItemGroup>
    <ClCompile Include="RCBeam.cpp">
      <Filter>Source Files</Filter>
    </ClCompile>
    <ClCompile Include="Concrete.cpp">
      <Filter>MaterialModels\Source</Filter>
    </ClCompile>
    <ClCompile Include="Material.cpp">
      <Filter>MaterialModels\Source</Filter>
    </ClCompile>
    <ClCompile Include="Steel.cpp">
      <Filter>MaterialModels\Source</Filter>
    </ClCompile>
    <ClCompile Include="BeamShape.cpp">
      <Filter>GeometryGrossBeam\Source</Filter>
    </ClCompile>
    <ClCompile Include="RectangularBeam.cpp">
      <Filter>GeometryGrossBeam\Source</Filter>
    </ClCompile>
    <ClCompile Include="Rebar.cpp">
      <Filter>GeometryRebar</Filter>
    </ClCompile>
  </ItemGroup>
  <ItemGroup>
    <ClInclude Include="pch.h">
      <Filter>Header Files</Filter>
    </ClInclude>
    <ClInclude Include="Concrete.h">
      <Filter>MaterialModels\Headers</Filter>
    </ClInclude>
    <ClInclude Include="Material.h">
      <Filter>MaterialModels\Headers</Filter>
    </ClInclude>
    <ClInclude Include="Steel.h">
      <Filter>MaterialModels\Headers</Filter>
    </ClInclude>
    <ClInclude Include="BeamShape.h">
      <Filter>GeometryGrossBeam\Headers</Filter>
    </ClInclude>
    <ClInclude Include="RectangularBeam.h">
      <Filter>GeometryGrossBeam\Headers</Filter>
    </ClInclude>
    <ClInclude Include="Rebar.h">
      <Filter>GeometryRebar</Filter>
    </ClInclude>
  </ItemGroup>
</Project>